// !$*UTF8*$!
{
	archiveVersion = 1;
	classes = {
	};
	objectVersion = 46;
	objects = {

/* Begin PBXBuildFile section */
		11463A25178C2764004C9213 /* DetailViewController.m in Sources */ = {isa = PBXBuildFile; fileRef = 11463A24178C2763004C9213 /* DetailViewController.m */; };
		11463A28178C28E1004C9213 /* PadyaController.m in Sources */ = {isa = PBXBuildFile; fileRef = 11463A27178C28E1004C9213 /* PadyaController.m */; };
		11463A2A178C305A004C9213 /* Ramaneeya.ttf in Resources */ = {isa = PBXBuildFile; fileRef = 11463A29178C305A004C9213 /* Ramaneeya.ttf */; };
		11463A2C178C6F14004C9213 /* SumatiSatakam.sql in Resources */ = {isa = PBXBuildFile; fileRef = 11463A2B178C6F14004C9213 /* SumatiSatakam.sql */; };
		115ED2351782E6A900AD99B3 /* UIKit.framework in Frameworks */ = {isa = PBXBuildFile; fileRef = 115ED2341782E6A900AD99B3 /* UIKit.framework */; };
		115ED2371782E6A900AD99B3 /* Foundation.framework in Frameworks */ = {isa = PBXBuildFile; fileRef = 115ED2361782E6A900AD99B3 /* Foundation.framework */; };
		115ED2391782E6A900AD99B3 /* CoreGraphics.framework in Frameworks */ = {isa = PBXBuildFile; fileRef = 115ED2381782E6A900AD99B3 /* CoreGraphics.framework */; };
		115ED2661782E72900AD99B3 /* AppDelegate.m in Sources */ = {isa = PBXBuildFile; fileRef = 115ED2591782E72900AD99B3 /* AppDelegate.m */; };
		115ED2671782E72900AD99B3 /* Default-568h@2x.png in Resources */ = {isa = PBXBuildFile; fileRef = 115ED25C1782E72900AD99B3 /* Default-568h@2x.png */; };
		115ED2681782E72900AD99B3 /* Default.png in Resources */ = {isa = PBXBuildFile; fileRef = 115ED25D1782E72900AD99B3 /* Default.png */; };
		115ED2691782E72900AD99B3 /* Default@2x.png in Resources */ = {isa = PBXBuildFile; fileRef = 115ED25E1782E72900AD99B3 /* Default@2x.png */; };
		115ED26A1782E72900AD99B3 /* main.m in Sources */ = {isa = PBXBuildFile; fileRef = 115ED2601782E72900AD99B3 /* main.m */; };
		115ED2791782E75D00AD99B3 /* InfoPlist.strings in Resources */ = {isa = PBXBuildFile; fileRef = 115ED2751782E75D00AD99B3 /* InfoPlist.strings */; };
		115ED27A1782E75D00AD99B3 /* MainStoryboard.storyboard in Resources */ = {isa = PBXBuildFile; fileRef = 115ED2771782E75D00AD99B3 /* MainStoryboard.storyboard */; };
		115ED27D1782EA4000AD99B3 /* HomeViewController.m in Sources */ = {isa = PBXBuildFile; fileRef = 115ED27C1782EA4000AD99B3 /* HomeViewController.m */; };
		115ED2801782EA5500AD99B3 /* FavViewController.m in Sources */ = {isa = PBXBuildFile; fileRef = 115ED27F1782EA5500AD99B3 /* FavViewController.m */; };
		115ED2831782EA6300AD99B3 /* SettingsViewController.m in Sources */ = {isa = PBXBuildFile; fileRef = 115ED2821782EA6300AD99B3 /* SettingsViewController.m */; };
/* End PBXBuildFile section */

/* Begin PBXFileReference section */
		11463A23178C2763004C9213 /* DetailViewController.h */ = {isa = PBXFileReference; fileEncoding = 4; lastKnownFileType = sourcecode.c.h; path = DetailViewController.h; sourceTree = "<group>"; };
		11463A24178C2763004C9213 /* DetailViewController.m */ = {isa = PBXFileReference; fileEncoding = 4; lastKnownFileType = sourcecode.c.objc; path = DetailViewController.m; sourceTree = "<group>"; };
		11463A26178C28E1004C9213 /* PadyaController.h */ = {isa = PBXFileReference; fileEncoding = 4; lastKnownFileType = sourcecode.c.h; path = PadyaController.h; sourceTree = "<group>"; };
		11463A27178C28E1004C9213 /* PadyaController.m */ = {isa = PBXFileReference; fileEncoding = 4; lastKnownFileType = sourcecode.c.objc; path = PadyaController.m; sourceTree = "<group>"; };
		11463A29178C305A004C9213 /* Ramaneeya.ttf */ = {isa = PBXFileReference; lastKnownFileType = file; path = Ramaneeya.ttf; sourceTree = "<group>"; };
		11463A2B178C6F14004C9213 /* SumatiSatakam.sql */ = {isa = PBXFileReference; lastKnownFileType = file; path = SumatiSatakam.sql; sourceTree = "<group>"; };
		115ED2311782E6A900AD99B3 /* Sumati.app */ = {isa = PBXFileReference; explicitFileType = wrapper.application; includeInIndex = 0; path = Sumati.app; sourceTree = BUILT_PRODUCTS_DIR; };
		115ED2341782E6A900AD99B3 /* UIKit.framework */ = {isa = PBXFileReference; lastKnownFileType = wrapper.framework; name = UIKit.framework; path = System/Library/Frameworks/UIKit.framework; sourceTree = SDKROOT; };
		115ED2361782E6A900AD99B3 /* Foundation.framework */ = {isa = PBXFileReference; lastKnownFileType = wrapper.framework; name = Foundation.framework; path = System/Library/Frameworks/Foundation.framework; sourceTree = SDKROOT; };
		115ED2381782E6A900AD99B3 /* CoreGraphics.framework */ = {isa = PBXFileReference; lastKnownFileType = wrapper.framework; name = CoreGraphics.framework; path = System/Library/Frameworks/CoreGraphics.framework; sourceTree = SDKROOT; };
		115ED2581782E72900AD99B3 /* AppDelegate.h */ = {isa = PBXFileReference; fileEncoding = 4; lastKnownFileType = sourcecode.c.h; path = AppDelegate.h; sourceTree = "<group>"; };
		115ED2591782E72900AD99B3 /* AppDelegate.m */ = {isa = PBXFileReference; fileEncoding = 4; lastKnownFileType = sourcecode.c.objc; path = AppDelegate.m; sourceTree = "<group>"; };
		115ED25C1782E72900AD99B3 /* Default-568h@2x.png */ = {isa = PBXFileReference; lastKnownFileType = image.png; path = "Default-568h@2x.png"; sourceTree = "<group>"; };
		115ED25D1782E72900AD99B3 /* Default.png */ = {isa = PBXFileReference; lastKnownFileType = image.png; path = Default.png; sourceTree = "<group>"; };
		115ED25E1782E72900AD99B3 /* Default@2x.png */ = {isa = PBXFileReference; lastKnownFileType = image.png; path = "Default@2x.png"; sourceTree = "<group>"; };
		115ED2601782E72900AD99B3 /* main.m */ = {isa = PBXFileReference; fileEncoding = 4; lastKnownFileType = sourcecode.c.objc; path = main.m; sourceTree = "<group>"; };
		115ED2611782E72900AD99B3 /* Sumati-Info.plist */ = {isa = PBXFileReference; fileEncoding = 4; lastKnownFileType = text.plist.xml; path = "Sumati-Info.plist"; sourceTree = "<group>"; };
		115ED2621782E72900AD99B3 /* Sumati-Prefix.pch */ = {isa = PBXFileReference; fileEncoding = 4; lastKnownFileType = sourcecode.c.h; path = "Sumati-Prefix.pch"; sourceTree = "<group>"; };
		115ED2761782E75D00AD99B3 /* en */ = {isa = PBXFileReference; lastKnownFileType = text.plist.strings; name = en; path = InfoPlist.strings; sourceTree = "<group>"; };
		115ED2781782E75D00AD99B3 /* en */ = {isa = PBXFileReference; lastKnownFileType = file.storyboard; name = en; path = MainStoryboard.storyboard; sourceTree = "<group>"; };
		115ED27B1782EA4000AD99B3 /* HomeViewController.h */ = {isa = PBXFileReference; fileEncoding = 4; lastKnownFileType = sourcecode.c.h; path = HomeViewController.h; sourceTree = "<group>"; };
		115ED27C1782EA4000AD99B3 /* HomeViewController.m */ = {isa = PBXFileReference; fileEncoding = 4; lastKnownFileType = sourcecode.c.objc; path = HomeViewController.m; sourceTree = "<group>"; };
		115ED27E1782EA5500AD99B3 /* FavViewController.h */ = {isa = PBXFileReference; fileEncoding = 4; lastKnownFileType = sourcecode.c.h; path = FavViewController.h; sourceTree = "<group>"; };
		115ED27F1782EA5500AD99B3 /* FavViewController.m */ = {isa = PBXFileReference; fileEncoding = 4; lastKnownFileType = sourcecode.c.objc; path = FavViewController.m; sourceTree = "<group>"; };
		115ED2811782EA6300AD99B3 /* SettingsViewController.h */ = {isa = PBXFileReference; fileEncoding = 4; lastKnownFileType = sourcecode.c.h; path = SettingsViewController.h; sourceTree = "<group>"; };
		115ED2821782EA6300AD99B3 /* SettingsViewController.m */ = {isa = PBXFileReference; fileEncoding = 4; lastKnownFileType = sourcecode.c.objc; path = SettingsViewController.m; sourceTree = "<group>"; };
/* End PBXFileReference section */

/* Begin PBXFrameworksBuildPhase section */
		115ED22E1782E6A900AD99B3 /* Frameworks */ = {
			isa = PBXFrameworksBuildPhase;
			buildActionMask = 2147483647;
			files = (
				115ED2351782E6A900AD99B3 /* UIKit.framework in Frameworks */,
				115ED2371782E6A900AD99B3 /* Foundation.framework in Frameworks */,
				115ED2391782E6A900AD99B3 /* CoreGraphics.framework in Frameworks */,
			);
			runOnlyForDeploymentPostprocessing = 0;
		};
/* End PBXFrameworksBuildPhase section */

/* Begin PBXGroup section */
		115ED2281782E6A900AD99B3 = {
			isa = PBXGroup;
			children = (
				115ED23A1782E6A900AD99B3 /* Sumati */,
				115ED2331782E6A900AD99B3 /* Frameworks */,
				115ED2321782E6A900AD99B3 /* Products */,
			);
			sourceTree = "<group>";
		};
		115ED2321782E6A900AD99B3 /* Products */ = {
			isa = PBXGroup;
			children = (
				115ED2311782E6A900AD99B3 /* Sumati.app */,
			);
			name = Products;
			sourceTree = "<group>";
		};
		115ED2331782E6A900AD99B3 /* Frameworks */ = {
			isa = PBXGroup;
			children = (
				115ED2341782E6A900AD99B3 /* UIKit.framework */,
				115ED2361782E6A900AD99B3 /* Foundation.framework */,
				115ED2381782E6A900AD99B3 /* CoreGraphics.framework */,
			);
			name = Frameworks;
			sourceTree = "<group>";
		};
		115ED23A1782E6A900AD99B3 /* Sumati */ = {
			isa = PBXGroup;
			children = (
				115ED2571782E72900AD99B3 /* Application */,
				115ED2631782E72900AD99B3 /* ViewControllers */,
				115ED25A1782E72900AD99B3 /* Images */,
				115ED26D1782E73000AD99B3 /* Storyboard */,
				115ED25F1782E72900AD99B3 /* SupportingFiles */,
			);
			path = Sumati;
			sourceTree = "<group>";
		};
		115ED2571782E72900AD99B3 /* Application */ = {
			isa = PBXGroup;
			children = (
				115ED2581782E72900AD99B3 /* AppDelegate.h */,
				115ED2591782E72900AD99B3 /* AppDelegate.m */,
			);
			path = Application;
			sourceTree = "<group>";
		};
		115ED25A1782E72900AD99B3 /* Images */ = {
			isa = PBXGroup;
			children = (
				115ED25B1782E72900AD99B3 /* App */,
			);
			path = Images;
			sourceTree = "<group>";
		};
		115ED25B1782E72900AD99B3 /* App */ = {
			isa = PBXGroup;
			children = (
				115ED25C1782E72900AD99B3 /* Default-568h@2x.png */,
				115ED25D1782E72900AD99B3 /* Default.png */,
				115ED25E1782E72900AD99B3 /* Default@2x.png */,
			);
			path = App;
			sourceTree = "<group>";
		};
		115ED25F1782E72900AD99B3 /* SupportingFiles */ = {
			isa = PBXGroup;
			children = (
				11463A2B178C6F14004C9213 /* SumatiSatakam.sql */,
				11463A29178C305A004C9213 /* Ramaneeya.ttf */,
				115ED2601782E72900AD99B3 /* main.m */,
				115ED2611782E72900AD99B3 /* Sumati-Info.plist */,
				115ED2621782E72900AD99B3 /* Sumati-Prefix.pch */,
			);
			path = SupportingFiles;
			sourceTree = "<group>";
		};
		115ED2631782E72900AD99B3 /* ViewControllers */ = {
			isa = PBXGroup;
			children = (
				115ED27B1782EA4000AD99B3 /* HomeViewController.h */,
				115ED27C1782EA4000AD99B3 /* HomeViewController.m */,
				115ED27E1782EA5500AD99B3 /* FavViewController.h */,
				115ED27F1782EA5500AD99B3 /* FavViewController.m */,
				115ED2811782EA6300AD99B3 /* SettingsViewController.h */,
				115ED2821782EA6300AD99B3 /* SettingsViewController.m */,
				11463A23178C2763004C9213 /* DetailViewController.h */,
				11463A24178C2763004C9213 /* DetailViewController.m */,
				11463A26178C28E1004C9213 /* PadyaController.h */,
				11463A27178C28E1004C9213 /* PadyaController.m */,
			);
			path = ViewControllers;
			sourceTree = "<group>";
		};
		115ED26D1782E73000AD99B3 /* Storyboard */ = {
			isa = PBXGroup;
			children = (
				115ED2741782E75D00AD99B3 /* en.lproj */,
			);
			name = Storyboard;
			sourceTree = "<group>";
		};
		115ED2741782E75D00AD99B3 /* en.lproj */ = {
			isa = PBXGroup;
			children = (
				115ED2751782E75D00AD99B3 /* InfoPlist.strings */,
				115ED2771782E75D00AD99B3 /* MainStoryboard.storyboard */,
			);
			path = en.lproj;
			sourceTree = "<group>";
		};
/* End PBXGroup section */

/* Begin PBXNativeTarget section */
		115ED2301782E6A900AD99B3 /* Sumati */ = {
			isa = PBXNativeTarget;
			buildConfigurationList = 115ED2541782E6AA00AD99B3 /* Build configuration list for PBXNativeTarget "Sumati" */;
			buildPhases = (
				115ED22D1782E6A900AD99B3 /* Sources */,
				115ED22E1782E6A900AD99B3 /* Frameworks */,
				115ED22F1782E6A900AD99B3 /* Resources */,
			);
			buildRules = (
			);
			dependencies = (
			);
			name = Sumati;
			productName = Sumati;
			productReference = 115ED2311782E6A900AD99B3 /* Sumati.app */;
			productType = "com.apple.product-type.application";
		};
/* End PBXNativeTarget section */

/* Begin PBXProject section */
		115ED2291782E6A900AD99B3 /* Project object */ = {
			isa = PBXProject;
			attributes = {
				LastUpgradeCheck = 0460;
				ORGANIZATIONNAME = "Chandrahasan Vantaku";
			};
			buildConfigurationList = 115ED22C1782E6A900AD99B3 /* Build configuration list for PBXProject "Sumati" */;
			compatibilityVersion = "Xcode 3.2";
			developmentRegion = English;
			hasScannedForEncodings = 0;
			knownRegions = (
				en,
			);
			mainGroup = 115ED2281782E6A900AD99B3;
			productRefGroup = 115ED2321782E6A900AD99B3 /* Products */;
			projectDirPath = "";
			projectRoot = "";
			targets = (
				115ED2301782E6A900AD99B3 /* Sumati */,
			);
		};
/* End PBXProject section */

/* Begin PBXResourcesBuildPhase section */
		115ED22F1782E6A900AD99B3 /* Resources */ = {
			isa = PBXResourcesBuildPhase;
			buildActionMask = 2147483647;
			files = (
				115ED2671782E72900AD99B3 /* Default-568h@2x.png in Resources */,
				115ED2681782E72900AD99B3 /* Default.png in Resources */,
				115ED2691782E72900AD99B3 /* Default@2x.png in Resources */,
				115ED2791782E75D00AD99B3 /* InfoPlist.strings in Resources */,
				115ED27A1782E75D00AD99B3 /* MainStoryboard.storyboard in Resources */,
				11463A2A178C305A004C9213 /* Ramaneeya.ttf in Resources */,
				11463A2C178C6F14004C9213 /* SumatiSatakam.sql in Resources */,
			);
			runOnlyForDeploymentPostprocessing = 0;
		};
/* End PBXResourcesBuildPhase section */

/* Begin PBXSourcesBuildPhase section */
		115ED22D1782E6A900AD99B3 /* Sources */ = {
			isa = PBXSourcesBuildPhase;
			buildActionMask = 2147483647;
			files = (
				115ED2661782E72900AD99B3 /* AppDelegate.m in Sources */,
				115ED26A1782E72900AD99B3 /* main.m in Sources */,
				115ED27D1782EA4000AD99B3 /* HomeViewController.m in Sources */,
				115ED2801782EA5500AD99B3 /* FavViewController.m in Sources */,
				115ED2831782EA6300AD99B3 /* SettingsViewController.m in Sources */,
				11463A25178C2764004C9213 /* DetailViewController.m in Sources */,
				11463A28178C28E1004C9213 /* PadyaController.m in Sources */,
			);
			runOnlyForDeploymentPostprocessing = 0;
		};
/* End PBXSourcesBuildPhase section */

/* Begin PBXVariantGroup section */
		115ED2751782E75D00AD99B3 /* InfoPlist.strings */ = {
			isa = PBXVariantGroup;
			children = (
				115ED2761782E75D00AD99B3 /* en */,
			);
			name = InfoPlist.strings;
			sourceTree = "<group>";
		};
		115ED2771782E75D00AD99B3 /* MainStoryboard.storyboard */ = {
			isa = PBXVariantGroup;
			children = (
				115ED2781782E75D00AD99B3 /* en */,
			);
			name = MainStoryboard.storyboard;
			sourceTree = "<group>";
		};
/* End PBXVariantGroup section */

/* Begin XCBuildConfiguration section */
		115ED2521782E6AA00AD99B3 /* Debug */ = {
			isa = XCBuildConfiguration;
			buildSettings = {
				ALWAYS_SEARCH_USER_PATHS = NO;
				CLANG_CXX_LANGUAGE_STANDARD = "gnu++0x";
				CLANG_CXX_LIBRARY = "libc++";
				CLANG_ENABLE_OBJC_ARC = YES;
				CLANG_WARN_CONSTANT_CONVERSION = YES;
				CLANG_WARN_EMPTY_BODY = YES;
				CLANG_WARN_ENUM_CONVERSION = YES;
				CLANG_WARN_INT_CONVERSION = YES;
				CLANG_WARN__DUPLICATE_METHOD_MATCH = YES;
				"CODE_SIGN_IDENTITY[sdk=iphoneos*]" = "iPhone Developer";
				COPY_PHASE_STRIP = NO;
				GCC_C_LANGUAGE_STANDARD = gnu99;
				GCC_DYNAMIC_NO_PIC = NO;
				GCC_OPTIMIZATION_LEVEL = 0;
				GCC_PREPROCESSOR_DEFINITIONS = (
					"DEBUG=1",
					"$(inherited)",
				);
				GCC_SYMBOLS_PRIVATE_EXTERN = NO;
				GCC_WARN_ABOUT_RETURN_TYPE = YES;
				GCC_WARN_UNINITIALIZED_AUTOS = YES;
				GCC_WARN_UNUSED_VARIABLE = YES;
				IPHONEOS_DEPLOYMENT_TARGET = 6.1;
				ONLY_ACTIVE_ARCH = YES;
				SDKROOT = iphoneos;
			};
			name = Debug;
		};
		115ED2531782E6AA00AD99B3 /* Release */ = {
			isa = XCBuildConfiguration;
			buildSettings = {
				ALWAYS_SEARCH_USER_PATHS = NO;
				CLANG_CXX_LANGUAGE_STANDARD = "gnu++0x";
				CLANG_CXX_LIBRARY = "libc++";
				CLANG_ENABLE_OBJC_ARC = YES;
				CLANG_WARN_CONSTANT_CONVERSION = YES;
				CLANG_WARN_EMPTY_BODY = YES;
				CLANG_WARN_ENUM_CONVERSION = YES;
				CLANG_WARN_INT_CONVERSION = YES;
				CLANG_WARN__DUPLICATE_METHOD_MATCH = YES;
				"CODE_SIGN_IDENTITY[sdk=iphoneos*]" = "iPhone Developer";
				COPY_PHASE_STRIP = YES;
				GCC_C_LANGUAGE_STANDARD = gnu99;
				GCC_WARN_ABOUT_RETURN_TYPE = YES;
				GCC_WARN_UNINITIALIZED_AUTOS = YES;
				GCC_WARN_UNUSED_VARIABLE = YES;
				IPHONEOS_DEPLOYMENT_TARGET = 6.1;
				OTHER_CFLAGS = "-DNS_BLOCK_ASSERTIONS=1";
				SDKROOT = iphoneos;
				VALIDATE_PRODUCT = YES;
			};
			name = Release;
		};
		115ED2551782E6AA00AD99B3 /* Debug */ = {
			isa = XCBuildConfiguration;
			buildSettings = {
				GCC_PRECOMPILE_PREFIX_HEADER = YES;
				GCC_PREFIX_HEADER = "$(SRCROOT)/Sumati/SupportingFiles/Sumati-Prefix.pch";
				INFOPLIST_FILE = "$(SRCROOT)/Sumati/SupportingFiles/Sumati-Info.plist";
				PRODUCT_NAME = "$(TARGET_NAME)";
				WRAPPER_EXTENSION = app;
			};
			name = Debug;
		};
		115ED2561782E6AA00AD99B3 /* Release */ = {
			isa = XCBuildConfiguration;
			buildSettings = {
				GCC_PRECOMPILE_PREFIX_HEADER = YES;
				GCC_PREFIX_HEADER = "$(SRCROOT)/Sumati/SupportingFiles/Sumati-Prefix.pch";
				INFOPLIST_FILE = "$(SRCROOT)/Sumati/SupportingFiles/Sumati-Info.plist";
				PRODUCT_NAME = "$(TARGET_NAME)";
				WRAPPER_EXTENSION = app;
			};
			name = Release;
		};
/* End XCBuildConfiguration section */

/* Begin XCConfigurationList section */
		115ED22C1782E6A900AD99B3 /* Build configuration list for PBXProject "Sumati" */ = {
			isa = XCConfigurationList;
			buildConfigurations = (
				115ED2521782E6AA00AD99B3 /* Debug */,
				115ED2531782E6AA00AD99B3 /* Release */,
			);
			defaultConfigurationIsVisible = 0;
			defaultConfigurationName = Release;
		};
		115ED2541782E6AA00AD99B3 /* Build configuration list for PBXNativeTarget "Sumati" */ = {
			isa = XCConfigurationList;
			buildConfigurations = (
				115ED2551782E6AA00AD99B3 /* Debug */,
				115ED2561782E6AA00AD99B3 /* Release */,
			);
			defaultConfigurationIsVisible = 0;
			defaultConfigurationName = Release;
		};
/* End XCConfigurationList section */
	};
	rootObject = 115ED2291782E6A900AD99B3 /* Project object */;
}
